
Microsoft Visual Studio Solution File, Format Version 12.00
# Visual Studio Version 17
VisualStudioVersion = 17.3.32811.315
MinimumVisualStudioVersion = 10.0.40219.1
Project("{9A19103F-16F7-4668-BE54-9A1E7A4F7556}") = "MapperGenerator", "MapperGenerator\MapperGenerator.csproj", "{11717208-4ACD-44FE-A413-6ECDE6A73BCC}"
EndProject
Project("{9A19103F-16F7-4668-BE54-9A1E7A4F7556}") = "Driver", "Driver\Driver.csproj", "{61BB36B9-9CA6-47AC-A27B-1D01F500288D}"
EndProject
Global
	GlobalSection(SolutionConfigurationPlatforms) = preSolution
		Debug|Any CPU = Debug|Any CPU
		Release|Any CPU = Release|Any CPU
	EndGlobalSection
	GlobalSection(ProjectConfigurationPlatforms) = postSolution
		{11717208-4ACD-44FE-A413-6ECDE6A73BCC}.Debug|Any CPU.ActiveCfg = Debug|Any CPU
		{11717208-4ACD-44FE-A413-6ECDE6A73BCC}.Debug|Any CPU.Build.0 = Debug|Any CPU
		{11717208-4ACD-44FE-A413-6ECDE6A73BCC}.Release|Any CPU.ActiveCfg = Release|Any CPU
		{11717208-4ACD-44FE-A413-6ECDE6A73BCC}.Release|Any CPU.Build.0 = Release|Any CPU
		{61BB36B9-9CA6-47AC-A27B-1D01F500288D}.Debug|Any CPU.ActiveCfg = Debug|Any CPU
		{61BB36B9-9CA6-47AC-A27B-1D01F500288D}.Debug|Any CPU.Build.0 = Debug|Any CPU
		{61BB36B9-9CA6-47AC-A27B-1D01F500288D}.Release|Any CPU.ActiveCfg = Release|Any CPU
		{61BB36B9-9CA6-47AC-A27B-1D01F500288D}.Release|Any CPU.Build.0 = Release|Any CPU
	EndGlobalSection
	GlobalSection(SolutionProperties) = preSolution
		HideSolutionNode = FALSE
	EndGlobalSection
	GlobalSection(ExtensibilityGlobals) = postSolution
		SolutionGuid = {79B9B445-2A52-49CD-B283-1DFBFD8D573A}
	EndGlobalSection
EndGlobal
