
Microsoft Visual Studio Solution File, Format Version 12.00
# Visual Studio Version 17
VisualStudioVersion = 17.3.32811.315
MinimumVisualStudioVersion = 10.0.40219.1
Project("{9A19103F-16F7-4668-BE54-9A1E7A4F7556}") = "SimpleGenerator", "SimpleGenerator\SimpleGenerator.csproj", "{F1B88BB3-E1B9-4A01-83EE-EA7284B0F9ED}"
EndProject
Project("{9A19103F-16F7-4668-BE54-9A1E7A4F7556}") = "Driver", "Driver\Driver.csproj", "{E8D812DF-7A72-4343-A246-376952BBB393}"
EndProject
Global
	GlobalSection(SolutionConfigurationPlatforms) = preSolution
		Debug|Any CPU = Debug|Any CPU
		Release|Any CPU = Release|Any CPU
	EndGlobalSection
	GlobalSection(ProjectConfigurationPlatforms) = postSolution
		{F1B88BB3-E1B9-4A01-83EE-EA7284B0F9ED}.Debug|Any CPU.ActiveCfg = Debug|Any CPU
		{F1B88BB3-E1B9-4A01-83EE-EA7284B0F9ED}.Debug|Any CPU.Build.0 = Debug|Any CPU
		{F1B88BB3-E1B9-4A01-83EE-EA7284B0F9ED}.Release|Any CPU.ActiveCfg = Release|Any CPU
		{F1B88BB3-E1B9-4A01-83EE-EA7284B0F9ED}.Release|Any CPU.Build.0 = Release|Any CPU
		{E8D812DF-7A72-4343-A246-376952BBB393}.Debug|Any CPU.ActiveCfg = Debug|Any CPU
		{E8D812DF-7A72-4343-A246-376952BBB393}.Debug|Any CPU.Build.0 = Debug|Any CPU
		{E8D812DF-7A72-4343-A246-376952BBB393}.Release|Any CPU.ActiveCfg = Release|Any CPU
		{E8D812DF-7A72-4343-A246-376952BBB393}.Release|Any CPU.Build.0 = Release|Any CPU
	EndGlobalSection
	GlobalSection(SolutionProperties) = preSolution
		HideSolutionNode = FALSE
	EndGlobalSection
	GlobalSection(ExtensibilityGlobals) = postSolution
		SolutionGuid = {1F8AF34C-0031-4F91-BD79-6A184688194D}
	EndGlobalSection
EndGlobal
